
Microsoft Visual Studio Solution File, Format Version 12.00
# Visual Studio 15
VisualStudioVersion = 15.0.27428.2043
MinimumVisualStudioVersion = 10.0.40219.1
Project("{FAE04EC0-301F-11D3-BF4B-00C04F79EFBC}") = "PraceXml", "PraceXml\PraceXml.csproj", "{90C5107C-0975-4BA3-BD43-A38079BB8B69}"
EndProject
Global
	GlobalSection(SolutionConfigurationPlatforms) = preSolution
		Debug|Any CPU = Debug|Any CPU
		Release|Any CPU = Release|Any CPU
	EndGlobalSection
	GlobalSection(ProjectConfigurationPlatforms) = postSolution
		{90C5107C-0975-4BA3-BD43-A38079BB8B69}.Debug|Any CPU.ActiveCfg = Debug|Any CPU
		{90C5107C-0975-4BA3-BD43-A38079BB8B69}.Debug|Any CPU.Build.0 = Debug|Any CPU
		{90C5107C-0975-4BA3-BD43-A38079BB8B69}.Release|Any CPU.ActiveCfg = Release|Any CPU
		{90C5107C-0975-4BA3-BD43-A38079BB8B69}.Release|Any CPU.Build.0 = Release|Any CPU
	EndGlobalSection
	GlobalSection(SolutionProperties) = preSolution
		HideSolutionNode = FALSE
	EndGlobalSection
	GlobalSection(ExtensibilityGlobals) = postSolution
		SolutionGuid = {427F08C0-A5E9-430B-A430-D09C5847FE16}
	EndGlobalSection
EndGlobal
