
Microsoft Visual Studio Solution File, Format Version 12.00
# Visual Studio 15
VisualStudioVersion = 15.0.27428.2043
MinimumVisualStudioVersion = 10.0.40219.1
Project("{FAE04EC0-301F-11D3-BF4B-00C04F79EFBC}") = "SoundPlayer", "SoundPlayer\SoundPlayer.csproj", "{8DA30C0E-0A63-4751-AC54-8EA3771E9921}"
EndProject
Global
	GlobalSection(SolutionConfigurationPlatforms) = preSolution
		Debug|Any CPU = Debug|Any CPU
		Release|Any CPU = Release|Any CPU
	EndGlobalSection
	GlobalSection(ProjectConfigurationPlatforms) = postSolution
		{8DA30C0E-0A63-4751-AC54-8EA3771E9921}.Debug|Any CPU.ActiveCfg = Debug|Any CPU
		{8DA30C0E-0A63-4751-AC54-8EA3771E9921}.Debug|Any CPU.Build.0 = Debug|Any CPU
		{8DA30C0E-0A63-4751-AC54-8EA3771E9921}.Release|Any CPU.ActiveCfg = Release|Any CPU
		{8DA30C0E-0A63-4751-AC54-8EA3771E9921}.Release|Any CPU.Build.0 = Release|Any CPU
	EndGlobalSection
	GlobalSection(SolutionProperties) = preSolution
		HideSolutionNode = FALSE
	EndGlobalSection
	GlobalSection(ExtensibilityGlobals) = postSolution
		SolutionGuid = {5F6A5B1D-5505-4BC6-8C0C-1ED8BB4C5CA3}
	EndGlobalSection
EndGlobal
